<Solution>
  <Project Path="Assembly-CSharp.csproj" />
  <Project Path="LineworkLite.csproj" />
  <Project Path="Audio.csproj" />
  <Project Path="LineworkLite.Editor.csproj" />
  <Project Path="PrimeTween.Animations.csproj" />
  <Project Path="Systems.Scene.csproj" />
  <Project Path="Assembly-CSharp-Editor.csproj" />
  <Project Path="PrimeTween.Installer.csproj" />
  <Project Path="Unity.Core.csproj" />
</Solution>
